// !$*UTF8*$!
{
	archiveVersion = 1;
	classes = {
	};
	objectVersion = 50;
	objects = {

/* Begin PBXBuildFile section */
		2538AD5826534E7D00C05703 /* MockFlightsServiceItem.swift in Sources */ = {isa = PBXBuildFile; fileRef = 2538AD5726534E7D00C05703 /* MockFlightsServiceItem.swift */; };
		2538AD6B2653500900C05703 /* NetworkError.swift in Sources */ = {isa = PBXBuildFile; fileRef = 2538AD6A2653500900C05703 /* NetworkError.swift */; };
		2538AD7026535F7D00C05703 /* FlightsViewModelTests.swift in Sources */ = {isa = PBXBuildFile; fileRef = 2538AD6F26535F7D00C05703 /* FlightsViewModelTests.swift */; };
		2538AD7526535FF300C05703 /* FlightsServiceTests.swift in Sources */ = {isa = PBXBuildFile; fileRef = 2538AD7426535FF300C05703 /* FlightsServiceTests.swift */; };
		2538AD872653704900C05703 /* MockFile.swift in Sources */ = {isa = PBXBuildFile; fileRef = 2538AD862653704900C05703 /* MockFile.swift */; };
		2538AD95265373B200C05703 /* flightsResponseMultipleElements.json in Resources */ = {isa = PBXBuildFile; fileRef = 2538AD92265373B100C05703 /* flightsResponseMultipleElements.json */; };
		2538AD96265373B200C05703 /* flightsResponseSingleElement.json in Resources */ = {isa = PBXBuildFile; fileRef = 2538AD93265373B200C05703 /* flightsResponseSingleElement.json */; };
		2538AD97265373B200C05703 /* flightsResponseEmpty.json in Resources */ = {isa = PBXBuildFile; fileRef = 2538AD94265373B200C05703 /* flightsResponseEmpty.json */; };
		2538ADA826537B7A00C05703 /* flightsResponseInternationalDepartures.json in Resources */ = {isa = PBXBuildFile; fileRef = 2538ADA426537B7A00C05703 /* flightsResponseInternationalDepartures.json */; };
		2538ADA926537B7A00C05703 /* flightsResponseNationalArrivals.json in Resources */ = {isa = PBXBuildFile; fileRef = 2538ADA526537B7A00C05703 /* flightsResponseNationalArrivals.json */; };
		2538ADAA26537B7A00C05703 /* flightsResponseInternationalArrivals.json in Resources */ = {isa = PBXBuildFile; fileRef = 2538ADA626537B7A00C05703 /* flightsResponseInternationalArrivals.json */; };
		2538ADAB26537B7A00C05703 /* flightsResponseNationalDepartures.json in Resources */ = {isa = PBXBuildFile; fileRef = 2538ADA726537B7A00C05703 /* flightsResponseNationalDepartures.json */; };
		255F7117263B4ABB00EF8B2C /* API.swift in Sources */ = {isa = PBXBuildFile; fileRef = 255F7116263B4ABB00EF8B2C /* API.swift */; };
		255F711F263B4C3B00EF8B2C /* Endpoint.swift in Sources */ = {isa = PBXBuildFile; fileRef = 255F711E263B4C3B00EF8B2C /* Endpoint.swift */; };
		255F7124263B4C6600EF8B2C /* Method.swift in Sources */ = {isa = PBXBuildFile; fileRef = 255F7123263B4C6600EF8B2C /* Method.swift */; };
		255F712C263B4F3500EF8B2C /* Client.swift in Sources */ = {isa = PBXBuildFile; fileRef = 255F712B263B4F3500EF8B2C /* Client.swift */; };
		255F7131263B4F5200EF8B2C /* ClientProtocol.swift in Sources */ = {isa = PBXBuildFile; fileRef = 255F7130263B4F5200EF8B2C /* ClientProtocol.swift */; };
		2572149A264665500000BE1C /* FlightServiceResponse.swift in Sources */ = {isa = PBXBuildFile; fileRef = 25721499264665500000BE1C /* FlightServiceResponse.swift */; };
		257214A62646687D0000BE1C /* API+Flights.swift in Sources */ = {isa = PBXBuildFile; fileRef = 257214A52646687D0000BE1C /* API+Flights.swift */; };
		2589F3842622B1A400272D38 /* FlightsService.swift in Sources */ = {isa = PBXBuildFile; fileRef = 2589F3832622B1A400272D38 /* FlightsService.swift */; };
		2589F38F2622B24700272D38 /* FlightsServiceRequest.swift in Sources */ = {isa = PBXBuildFile; fileRef = 2589F38E2622B24700272D38 /* FlightsServiceRequest.swift */; };
		2589F3972622B3B600272D38 /* FlightsServiceItem.swift in Sources */ = {isa = PBXBuildFile; fileRef = 2589F3962622B3B600272D38 /* FlightsServiceItem.swift */; };
		2589F39C2622B73C00272D38 /* FlightsViewModel.swift in Sources */ = {isa = PBXBuildFile; fileRef = 2589F39B2622B73C00272D38 /* FlightsViewModel.swift */; };
		25975F2B261F5FE600370915 /* AppDelegate.swift in Sources */ = {isa = PBXBuildFile; fileRef = 25975F2A261F5FE600370915 /* AppDelegate.swift */; };
		25975F2D261F5FE600370915 /* SceneDelegate.swift in Sources */ = {isa = PBXBuildFile; fileRef = 25975F2C261F5FE600370915 /* SceneDelegate.swift */; };
		25975F2F261F5FE600370915 /* ViewController.swift in Sources */ = {isa = PBXBuildFile; fileRef = 25975F2E261F5FE600370915 /* ViewController.swift */; };
		25975F32261F5FE600370915 /* Main.storyboard in Resources */ = {isa = PBXBuildFile; fileRef = 25975F30261F5FE600370915 /* Main.storyboard */; };
		25975F34261F5FE700370915 /* Assets.xcassets in Resources */ = {isa = PBXBuildFile; fileRef = 25975F33261F5FE700370915 /* Assets.xcassets */; };
		25975F37261F5FE700370915 /* LaunchScreen.storyboard in Resources */ = {isa = PBXBuildFile; fileRef = 25975F35261F5FE700370915 /* LaunchScreen.storyboard */; };
		25975F42261F5FE700370915 /* Airport_AppTests.swift in Sources */ = {isa = PBXBuildFile; fileRef = 25975F41261F5FE700370915 /* Airport_AppTests.swift */; };
		25975F4D261F5FE700370915 /* Airport_AppUITests.swift in Sources */ = {isa = PBXBuildFile; fileRef = 25975F4C261F5FE700370915 /* Airport_AppUITests.swift */; };
		25975F61261F60C000370915 /* Flight.swift in Sources */ = {isa = PBXBuildFile; fileRef = 25975F60261F60C000370915 /* Flight.swift */; };
		259AC85F26506F9500CA9C85 /* FlightViewModel.swift in Sources */ = {isa = PBXBuildFile; fileRef = 259AC85E26506F9500CA9C85 /* FlightViewModel.swift */; };
		259AC8642650717600CA9C85 /* FlightCell.swift in Sources */ = {isa = PBXBuildFile; fileRef = 259AC8632650717600CA9C85 /* FlightCell.swift */; };
		259AC869265073AD00CA9C85 /* FlightCell.xib in Resources */ = {isa = PBXBuildFile; fileRef = 259AC868265073AD00CA9C85 /* FlightCell.xib */; };
		259AC87726507A8300CA9C85 /* UITableView+Utils.swift in Sources */ = {isa = PBXBuildFile; fileRef = 259AC87626507A8300CA9C85 /* UITableView+Utils.swift */; };
		259AC87F2650871A00CA9C85 /* Dynamic.swift in Sources */ = {isa = PBXBuildFile; fileRef = 259AC87E2650871A00CA9C85 /* Dynamic.swift */; };
		259AC8842650880A00CA9C85 /* Bond.swift in Sources */ = {isa = PBXBuildFile; fileRef = 259AC8832650880A00CA9C85 /* Bond.swift */; };
		259AC8892650890900CA9C85 /* BondBox.swift in Sources */ = {isa = PBXBuildFile; fileRef = 259AC8882650890900CA9C85 /* BondBox.swift */; };
		259AC88F265094E300CA9C85 /* UILable+Bond.swift in Sources */ = {isa = PBXBuildFile; fileRef = 259AC88E265094E300CA9C85 /* UILable+Bond.swift */; };
		25A444752659696A005D36DF /* StateView.swift in Sources */ = {isa = PBXBuildFile; fileRef = 25A444742659696A005D36DF /* StateView.swift */; };
		25A786B42657D8AB00F669AA /* FlightState.swift in Sources */ = {isa = PBXBuildFile; fileRef = 25A786B32657D8AB00F669AA /* FlightState.swift */; };
		25A786B92657D8BF00F669AA /* FlightOriginType.swift in Sources */ = {isa = PBXBuildFile; fileRef = 25A786B82657D8BF00F669AA /* FlightOriginType.swift */; };
		25A786BE2657D8CE00F669AA /* FlightType.swift in Sources */ = {isa = PBXBuildFile; fileRef = 25A786BD2657D8CE00F669AA /* FlightType.swift */; };
		25A786C92657FFFF00F669AA /* DecodableError.swift in Sources */ = {isa = PBXBuildFile; fileRef = 25A786C82657FFFF00F669AA /* DecodableError.swift */; };
		25BD72D12651FD9E008DA384 /* Configuration.swift in Sources */ = {isa = PBXBuildFile; fileRef = 25BD72D02651FD9E008DA384 /* Configuration.swift */; };
		25BD73962652009C008DA384 /* Date+Utils.swift in Sources */ = {isa = PBXBuildFile; fileRef = 25BD73952652009C008DA384 /* Date+Utils.swift */; };
		25FE23AC26572C78007F4A3A /* SectionHeader.swift in Sources */ = {isa = PBXBuildFile; fileRef = 25FE23AB26572C78007F4A3A /* SectionHeader.swift */; };
/* End PBXBuildFile section */

/* Begin PBXContainerItemProxy section */
		25975F3E261F5FE700370915 /* PBXContainerItemProxy */ = {
			isa = PBXContainerItemProxy;
			containerPortal = 25975F1F261F5FE600370915 /* Project object */;
			proxyType = 1;
			remoteGlobalIDString = 25975F26261F5FE600370915;
			remoteInfo = "Airport App";
		};
		25975F49261F5FE700370915 /* PBXContainerItemProxy */ = {
			isa = PBXContainerItemProxy;
			containerPortal = 25975F1F261F5FE600370915 /* Project object */;
			proxyType = 1;
			remoteGlobalIDString = 25975F26261F5FE600370915;
			remoteInfo = "Airport App";
		};
/* End PBXContainerItemProxy section */

/* Begin PBXFileReference section */
		2538AD5726534E7D00C05703 /* MockFlightsServiceItem.swift */ = {isa = PBXFileReference; lastKnownFileType = sourcecode.swift; path = MockFlightsServiceItem.swift; sourceTree = "<group>"; };
		2538AD6A2653500900C05703 /* NetworkError.swift */ = {isa = PBXFileReference; lastKnownFileType = sourcecode.swift; path = NetworkError.swift; sourceTree = "<group>"; };
		2538AD6F26535F7D00C05703 /* FlightsViewModelTests.swift */ = {isa = PBXFileReference; lastKnownFileType = sourcecode.swift; path = FlightsViewModelTests.swift; sourceTree = "<group>"; };
		2538AD7426535FF300C05703 /* FlightsServiceTests.swift */ = {isa = PBXFileReference; lastKnownFileType = sourcecode.swift; path = FlightsServiceTests.swift; sourceTree = "<group>"; };
		2538AD862653704900C05703 /* MockFile.swift */ = {isa = PBXFileReference; lastKnownFileType = sourcecode.swift; path = MockFile.swift; sourceTree = "<group>"; };
		2538AD92265373B100C05703 /* flightsResponseMultipleElements.json */ = {isa = PBXFileReference; fileEncoding = 4; lastKnownFileType = text.json; path = flightsResponseMultipleElements.json; sourceTree = "<group>"; };
		2538AD93265373B200C05703 /* flightsResponseSingleElement.json */ = {isa = PBXFileReference; fileEncoding = 4; lastKnownFileType = text.json; path = flightsResponseSingleElement.json; sourceTree = "<group>"; };
		2538AD94265373B200C05703 /* flightsResponseEmpty.json */ = {isa = PBXFileReference; fileEncoding = 4; lastKnownFileType = text.json; path = flightsResponseEmpty.json; sourceTree = "<group>"; };
		2538ADA426537B7A00C05703 /* flightsResponseInternationalDepartures.json */ = {isa = PBXFileReference; fileEncoding = 4; lastKnownFileType = text.json; path = flightsResponseInternationalDepartures.json; sourceTree = "<group>"; };
		2538ADA526537B7A00C05703 /* flightsResponseNationalArrivals.json */ = {isa = PBXFileReference; fileEncoding = 4; lastKnownFileType = text.json; path = flightsResponseNationalArrivals.json; sourceTree = "<group>"; };
		2538ADA626537B7A00C05703 /* flightsResponseInternationalArrivals.json */ = {isa = PBXFileReference; fileEncoding = 4; lastKnownFileType = text.json; path = flightsResponseInternationalArrivals.json; sourceTree = "<group>"; };
		2538ADA726537B7A00C05703 /* flightsResponseNationalDepartures.json */ = {isa = PBXFileReference; fileEncoding = 4; lastKnownFileType = text.json; path = flightsResponseNationalDepartures.json; sourceTree = "<group>"; };
		255F7116263B4ABB00EF8B2C /* API.swift */ = {isa = PBXFileReference; lastKnownFileType = sourcecode.swift; path = API.swift; sourceTree = "<group>"; };
		255F711E263B4C3B00EF8B2C /* Endpoint.swift */ = {isa = PBXFileReference; lastKnownFileType = sourcecode.swift; path = Endpoint.swift; sourceTree = "<group>"; };
		255F7123263B4C6600EF8B2C /* Method.swift */ = {isa = PBXFileReference; lastKnownFileType = sourcecode.swift; path = Method.swift; sourceTree = "<group>"; };
		255F712B263B4F3500EF8B2C /* Client.swift */ = {isa = PBXFileReference; lastKnownFileType = sourcecode.swift; path = Client.swift; sourceTree = "<group>"; };
		255F7130263B4F5200EF8B2C /* ClientProtocol.swift */ = {isa = PBXFileReference; lastKnownFileType = sourcecode.swift; path = ClientProtocol.swift; sourceTree = "<group>"; };
		25721499264665500000BE1C /* FlightServiceResponse.swift */ = {isa = PBXFileReference; lastKnownFileType = sourcecode.swift; path = FlightServiceResponse.swift; sourceTree = "<group>"; };
		257214A52646687D0000BE1C /* API+Flights.swift */ = {isa = PBXFileReference; lastKnownFileType = sourcecode.swift; path = "API+Flights.swift"; sourceTree = "<group>"; };
		2589F3832622B1A400272D38 /* FlightsService.swift */ = {isa = PBXFileReference; lastKnownFileType = sourcecode.swift; path = FlightsService.swift; sourceTree = "<group>"; };
		2589F38E2622B24700272D38 /* FlightsServiceRequest.swift */ = {isa = PBXFileReference; lastKnownFileType = sourcecode.swift; path = FlightsServiceRequest.swift; sourceTree = "<group>"; };
		2589F3962622B3B600272D38 /* FlightsServiceItem.swift */ = {isa = PBXFileReference; lastKnownFileType = sourcecode.swift; path = FlightsServiceItem.swift; sourceTree = "<group>"; };
		2589F39B2622B73C00272D38 /* FlightsViewModel.swift */ = {isa = PBXFileReference; lastKnownFileType = sourcecode.swift; path = FlightsViewModel.swift; sourceTree = "<group>"; };
		25975F27261F5FE600370915 /* Airport App.app */ = {isa = PBXFileReference; explicitFileType = wrapper.application; includeInIndex = 0; path = "Airport App.app"; sourceTree = BUILT_PRODUCTS_DIR; };
		25975F2A261F5FE600370915 /* AppDelegate.swift */ = {isa = PBXFileReference; lastKnownFileType = sourcecode.swift; path = AppDelegate.swift; sourceTree = "<group>"; };
		25975F2C261F5FE600370915 /* SceneDelegate.swift */ = {isa = PBXFileReference; lastKnownFileType = sourcecode.swift; path = SceneDelegate.swift; sourceTree = "<group>"; };
		25975F2E261F5FE600370915 /* ViewController.swift */ = {isa = PBXFileReference; lastKnownFileType = sourcecode.swift; path = ViewController.swift; sourceTree = "<group>"; };
		25975F31261F5FE600370915 /* Base */ = {isa = PBXFileReference; lastKnownFileType = file.storyboard; name = Base; path = Base.lproj/Main.storyboard; sourceTree = "<group>"; };
		25975F33261F5FE700370915 /* Assets.xcassets */ = {isa = PBXFileReference; lastKnownFileType = folder.assetcatalog; path = Assets.xcassets; sourceTree = "<group>"; };
		25975F36261F5FE700370915 /* Base */ = {isa = PBXFileReference; lastKnownFileType = file.storyboard; name = Base; path = Base.lproj/LaunchScreen.storyboard; sourceTree = "<group>"; };
		25975F38261F5FE700370915 /* Info.plist */ = {isa = PBXFileReference; lastKnownFileType = text.plist.xml; path = Info.plist; sourceTree = "<group>"; };
		25975F3D261F5FE700370915 /* Airport AppTests.xctest */ = {isa = PBXFileReference; explicitFileType = wrapper.cfbundle; includeInIndex = 0; path = "Airport AppTests.xctest"; sourceTree = BUILT_PRODUCTS_DIR; };
		25975F41261F5FE700370915 /* Airport_AppTests.swift */ = {isa = PBXFileReference; lastKnownFileType = sourcecode.swift; path = Airport_AppTests.swift; sourceTree = "<group>"; };
		25975F43261F5FE700370915 /* Info.plist */ = {isa = PBXFileReference; lastKnownFileType = text.plist.xml; path = Info.plist; sourceTree = "<group>"; };
		25975F48261F5FE700370915 /* Airport AppUITests.xctest */ = {isa = PBXFileReference; explicitFileType = wrapper.cfbundle; includeInIndex = 0; path = "Airport AppUITests.xctest"; sourceTree = BUILT_PRODUCTS_DIR; };
		25975F4C261F5FE700370915 /* Airport_AppUITests.swift */ = {isa = PBXFileReference; lastKnownFileType = sourcecode.swift; path = Airport_AppUITests.swift; sourceTree = "<group>"; };
		25975F4E261F5FE700370915 /* Info.plist */ = {isa = PBXFileReference; lastKnownFileType = text.plist.xml; path = Info.plist; sourceTree = "<group>"; };
		25975F60261F60C000370915 /* Flight.swift */ = {isa = PBXFileReference; lastKnownFileType = sourcecode.swift; path = Flight.swift; sourceTree = "<group>"; };
		259AC85E26506F9500CA9C85 /* FlightViewModel.swift */ = {isa = PBXFileReference; lastKnownFileType = sourcecode.swift; path = FlightViewModel.swift; sourceTree = "<group>"; };
		259AC8632650717600CA9C85 /* FlightCell.swift */ = {isa = PBXFileReference; lastKnownFileType = sourcecode.swift; path = FlightCell.swift; sourceTree = "<group>"; };
		259AC868265073AD00CA9C85 /* FlightCell.xib */ = {isa = PBXFileReference; lastKnownFileType = file.xib; path = FlightCell.xib; sourceTree = "<group>"; };
		259AC87626507A8300CA9C85 /* UITableView+Utils.swift */ = {isa = PBXFileReference; lastKnownFileType = sourcecode.swift; path = "UITableView+Utils.swift"; sourceTree = "<group>"; };
		259AC87E2650871A00CA9C85 /* Dynamic.swift */ = {isa = PBXFileReference; lastKnownFileType = sourcecode.swift; path = Dynamic.swift; sourceTree = "<group>"; };
		259AC8832650880A00CA9C85 /* Bond.swift */ = {isa = PBXFileReference; lastKnownFileType = sourcecode.swift; path = Bond.swift; sourceTree = "<group>"; };
		259AC8882650890900CA9C85 /* BondBox.swift */ = {isa = PBXFileReference; lastKnownFileType = sourcecode.swift; path = BondBox.swift; sourceTree = "<group>"; };
		259AC88E265094E300CA9C85 /* UILable+Bond.swift */ = {isa = PBXFileReference; lastKnownFileType = sourcecode.swift; path = "UILable+Bond.swift"; sourceTree = "<group>"; };
		25A444742659696A005D36DF /* StateView.swift */ = {isa = PBXFileReference; lastKnownFileType = sourcecode.swift; path = StateView.swift; sourceTree = "<group>"; };
		25A786B32657D8AB00F669AA /* FlightState.swift */ = {isa = PBXFileReference; lastKnownFileType = sourcecode.swift; path = FlightState.swift; sourceTree = "<group>"; };
		25A786B82657D8BF00F669AA /* FlightOriginType.swift */ = {isa = PBXFileReference; lastKnownFileType = sourcecode.swift; path = FlightOriginType.swift; sourceTree = "<group>"; };
		25A786BD2657D8CE00F669AA /* FlightType.swift */ = {isa = PBXFileReference; lastKnownFileType = sourcecode.swift; path = FlightType.swift; sourceTree = "<group>"; };
		25A786C82657FFFF00F669AA /* DecodableError.swift */ = {isa = PBXFileReference; lastKnownFileType = sourcecode.swift; path = DecodableError.swift; sourceTree = "<group>"; };
		25BD72D02651FD9E008DA384 /* Configuration.swift */ = {isa = PBXFileReference; lastKnownFileType = sourcecode.swift; path = Configuration.swift; sourceTree = "<group>"; };
		25BD73952652009C008DA384 /* Date+Utils.swift */ = {isa = PBXFileReference; lastKnownFileType = sourcecode.swift; path = "Date+Utils.swift"; sourceTree = "<group>"; };
		25FE23AB26572C78007F4A3A /* SectionHeader.swift */ = {isa = PBXFileReference; lastKnownFileType = sourcecode.swift; path = SectionHeader.swift; sourceTree = "<group>"; };
/* End PBXFileReference section */

/* Begin PBXFrameworksBuildPhase section */
		25975F24261F5FE600370915 /* Frameworks */ = {
			isa = PBXFrameworksBuildPhase;
			buildActionMask = 2147483647;
			files = (
			);
			runOnlyForDeploymentPostprocessing = 0;
		};
		25975F3A261F5FE700370915 /* Frameworks */ = {
			isa = PBXFrameworksBuildPhase;
			buildActionMask = 2147483647;
			files = (
			);
			runOnlyForDeploymentPostprocessing = 0;
		};
		25975F45261F5FE700370915 /* Frameworks */ = {
			isa = PBXFrameworksBuildPhase;
			buildActionMask = 2147483647;
			files = (
			);
			runOnlyForDeploymentPostprocessing = 0;
		};
/* End PBXFrameworksBuildPhase section */

/* Begin PBXGroup section */
		2538AD8526536FD400C05703 /* Mocks */ = {
			isa = PBXGroup;
			children = (
				2538AD5726534E7D00C05703 /* MockFlightsServiceItem.swift */,
				2538AD862653704900C05703 /* MockFile.swift */,
				2538AD91265372FB00C05703 /* Files */,
			);
			path = Mocks;
			sourceTree = "<group>";
		};
		2538AD91265372FB00C05703 /* Files */ = {
			isa = PBXGroup;
			children = (
				2538AD94265373B200C05703 /* flightsResponseEmpty.json */,
				2538AD93265373B200C05703 /* flightsResponseSingleElement.json */,
				2538AD92265373B100C05703 /* flightsResponseMultipleElements.json */,
				2538ADA626537B7A00C05703 /* flightsResponseInternationalArrivals.json */,
				2538ADA426537B7A00C05703 /* flightsResponseInternationalDepartures.json */,
				2538ADA526537B7A00C05703 /* flightsResponseNationalArrivals.json */,
				2538ADA726537B7A00C05703 /* flightsResponseNationalDepartures.json */,
			);
			path = Files;
			sourceTree = "<group>";
		};
		255F7115263B4AAE00EF8B2C /* Network */ = {
			isa = PBXGroup;
			children = (
				255F7116263B4ABB00EF8B2C /* API.swift */,
				255F711E263B4C3B00EF8B2C /* Endpoint.swift */,
				255F7123263B4C6600EF8B2C /* Method.swift */,
				255F712B263B4F3500EF8B2C /* Client.swift */,
				255F7130263B4F5200EF8B2C /* ClientProtocol.swift */,
				25BD72D02651FD9E008DA384 /* Configuration.swift */,
				2538AD6A2653500900C05703 /* NetworkError.swift */,
			);
			path = Network;
			sourceTree = "<group>";
		};
		257214A42646686C0000BE1C /* Flights */ = {
			isa = PBXGroup;
			children = (
				257214A52646687D0000BE1C /* API+Flights.swift */,
				2589F3832622B1A400272D38 /* FlightsService.swift */,
				2589F38E2622B24700272D38 /* FlightsServiceRequest.swift */,
				25721499264665500000BE1C /* FlightServiceResponse.swift */,
				2589F3962622B3B600272D38 /* FlightsServiceItem.swift */,
			);
			path = Flights;
			sourceTree = "<group>";
		};
		2589F3822622B18D00272D38 /* Services */ = {
			isa = PBXGroup;
			children = (
				257214A42646686C0000BE1C /* Flights */,
			);
			path = Services;
			sourceTree = "<group>";
		};
		25975F1E261F5FE600370915 = {
			isa = PBXGroup;
			children = (
				25975F29261F5FE600370915 /* Airport App */,
				25975F40261F5FE700370915 /* Airport AppTests */,
				25975F4B261F5FE700370915 /* Airport AppUITests */,
				25975F28261F5FE600370915 /* Products */,
			);
			sourceTree = "<group>";
		};
		25975F28261F5FE600370915 /* Products */ = {
			isa = PBXGroup;
			children = (
				25975F27261F5FE600370915 /* Airport App.app */,
				25975F3D261F5FE700370915 /* Airport AppTests.xctest */,
				25975F48261F5FE700370915 /* Airport AppUITests.xctest */,
			);
			name = Products;
			sourceTree = "<group>";
		};
		25975F29261F5FE600370915 /* Airport App */ = {
			isa = PBXGroup;
			children = (
				25975F2A261F5FE600370915 /* AppDelegate.swift */,
				25975F2C261F5FE600370915 /* SceneDelegate.swift */,
				25975F5F261F607900370915 /* Views */,
				25975F5E261F607100370915 /* ViewModels */,
				25975F5D261F606A00370915 /* Models */,
				2589F3822622B18D00272D38 /* Services */,
				255F7115263B4AAE00EF8B2C /* Network */,
				25BD73932652007F008DA384 /* Foundation */,
				2538AD8526536FD400C05703 /* Mocks */,
				25975F33261F5FE700370915 /* Assets.xcassets */,
				25975F38261F5FE700370915 /* Info.plist */,
			);
			path = "Airport App";
			sourceTree = "<group>";
		};
		25975F40261F5FE700370915 /* Airport AppTests */ = {
			isa = PBXGroup;
			children = (
				25975F41261F5FE700370915 /* Airport_AppTests.swift */,
				25975F43261F5FE700370915 /* Info.plist */,
				2538AD6F26535F7D00C05703 /* FlightsViewModelTests.swift */,
				2538AD7426535FF300C05703 /* FlightsServiceTests.swift */,
			);
			path = "Airport AppTests";
			sourceTree = "<group>";
		};
		25975F4B261F5FE700370915 /* Airport AppUITests */ = {
			isa = PBXGroup;
			children = (
				25975F4C261F5FE700370915 /* Airport_AppUITests.swift */,
				25975F4E261F5FE700370915 /* Info.plist */,
			);
			path = "Airport AppUITests";
			sourceTree = "<group>";
		};
		25975F5D261F606A00370915 /* Models */ = {
			isa = PBXGroup;
			children = (
				25975F60261F60C000370915 /* Flight.swift */,
				25A786B32657D8AB00F669AA /* FlightState.swift */,
				25A786B82657D8BF00F669AA /* FlightOriginType.swift */,
				25A786BD2657D8CE00F669AA /* FlightType.swift */,
				25A786C82657FFFF00F669AA /* DecodableError.swift */,
			);
			path = Models;
			sourceTree = "<group>";
		};
		25975F5E261F607100370915 /* ViewModels */ = {
			isa = PBXGroup;
			children = (
				2589F39B2622B73C00272D38 /* FlightsViewModel.swift */,
				259AC85E26506F9500CA9C85 /* FlightViewModel.swift */,
				259AC87E2650871A00CA9C85 /* Dynamic.swift */,
				259AC8832650880A00CA9C85 /* Bond.swift */,
				259AC8882650890900CA9C85 /* BondBox.swift */,
			);
			path = ViewModels;
			sourceTree = "<group>";
		};
		25975F5F261F607900370915 /* Views */ = {
			isa = PBXGroup;
			children = (
				25975F2E261F5FE600370915 /* ViewController.swift */,
				25975F30261F5FE600370915 /* Main.storyboard */,
				25975F35261F5FE700370915 /* LaunchScreen.storyboard */,
				25A444732659694B005D36DF /* StateView */,
				259AC87D2650836900CA9C85 /* Cells */,
				259AC87B2650835100CA9C85 /* Utils */,
				259AC88D265094CC00CA9C85 /* Views+Bond */,
			);
			path = Views;
			sourceTree = "<group>";
		};
		259AC87B2650835100CA9C85 /* Utils */ = {
			isa = PBXGroup;
			children = (
				259AC87626507A8300CA9C85 /* UITableView+Utils.swift */,
			);
			path = Utils;
			sourceTree = "<group>";
		};
		259AC87C2650835900CA9C85 /* FlightCell */ = {
			isa = PBXGroup;
			children = (
				259AC868265073AD00CA9C85 /* FlightCell.xib */,
				259AC8632650717600CA9C85 /* FlightCell.swift */,
			);
			path = FlightCell;
			sourceTree = "<group>";
		};
		259AC87D2650836900CA9C85 /* Cells */ = {
			isa = PBXGroup;
			children = (
				25FE23A726572C30007F4A3A /* SectionHeader */,
				259AC87C2650835900CA9C85 /* FlightCell */,
			);
			path = Cells;
			sourceTree = "<group>";
		};
		259AC88D265094CC00CA9C85 /* Views+Bond */ = {
			isa = PBXGroup;
			children = (
				259AC88E265094E300CA9C85 /* UILable+Bond.swift */,
			);
			path = "Views+Bond";
			sourceTree = "<group>";
		};
		25A444732659694B005D36DF /* StateView */ = {
			isa = PBXGroup;
			children = (
				25A444742659696A005D36DF /* StateView.swift */,
			);
			path = StateView;
			sourceTree = "<group>";
		};
		25BD73932652007F008DA384 /* Foundation */ = {
			isa = PBXGroup;
			children = (
				25BD73952652009C008DA384 /* Date+Utils.swift */,
			);
			path = Foundation;
			sourceTree = "<group>";
		};
		25FE23A726572C30007F4A3A /* SectionHeader */ = {
			isa = PBXGroup;
			children = (
				25FE23AB26572C78007F4A3A /* SectionHeader.swift */,
			);
			path = SectionHeader;
			sourceTree = "<group>";
		};
/* End PBXGroup section */

/* Begin PBXNativeTarget section */
		25975F26261F5FE600370915 /* Airport App */ = {
			isa = PBXNativeTarget;
			buildConfigurationList = 25975F51261F5FE700370915 /* Build configuration list for PBXNativeTarget "Airport App" */;
			buildPhases = (
				25975F23261F5FE600370915 /* Sources */,
				25975F24261F5FE600370915 /* Frameworks */,
				25975F25261F5FE600370915 /* Resources */,
			);
			buildRules = (
			);
			dependencies = (
			);
			name = "Airport App";
			productName = "Airport App";
			productReference = 25975F27261F5FE600370915 /* Airport App.app */;
			productType = "com.apple.product-type.application";
		};
		25975F3C261F5FE700370915 /* Airport AppTests */ = {
			isa = PBXNativeTarget;
			buildConfigurationList = 25975F54261F5FE700370915 /* Build configuration list for PBXNativeTarget "Airport AppTests" */;
			buildPhases = (
				25975F39261F5FE700370915 /* Sources */,
				25975F3A261F5FE700370915 /* Frameworks */,
				25975F3B261F5FE700370915 /* Resources */,
			);
			buildRules = (
			);
			dependencies = (
				25975F3F261F5FE700370915 /* PBXTargetDependency */,
			);
			name = "Airport AppTests";
			productName = "Airport AppTests";
			productReference = 25975F3D261F5FE700370915 /* Airport AppTests.xctest */;
			productType = "com.apple.product-type.bundle.unit-test";
		};
		25975F47261F5FE700370915 /* Airport AppUITests */ = {
			isa = PBXNativeTarget;
			buildConfigurationList = 25975F57261F5FE700370915 /* Build configuration list for PBXNativeTarget "Airport AppUITests" */;
			buildPhases = (
				25975F44261F5FE700370915 /* Sources */,
				25975F45261F5FE700370915 /* Frameworks */,
				25975F46261F5FE700370915 /* Resources */,
			);
			buildRules = (
			);
			dependencies = (
				25975F4A261F5FE700370915 /* PBXTargetDependency */,
			);
			name = "Airport AppUITests";
			productName = "Airport AppUITests";
			productReference = 25975F48261F5FE700370915 /* Airport AppUITests.xctest */;
			productType = "com.apple.product-type.bundle.ui-testing";
		};
/* End PBXNativeTarget section */

/* Begin PBXProject section */
		25975F1F261F5FE600370915 /* Project object */ = {
			isa = PBXProject;
			attributes = {
				LastSwiftUpdateCheck = 1240;
				LastUpgradeCheck = 1240;
				TargetAttributes = {
					25975F26261F5FE600370915 = {
						CreatedOnToolsVersion = 12.4;
					};
					25975F3C261F5FE700370915 = {
						CreatedOnToolsVersion = 12.4;
						TestTargetID = 25975F26261F5FE600370915;
					};
					25975F47261F5FE700370915 = {
						CreatedOnToolsVersion = 12.4;
						TestTargetID = 25975F26261F5FE600370915;
					};
				};
			};
			buildConfigurationList = 25975F22261F5FE600370915 /* Build configuration list for PBXProject "Airport App" */;
			compatibilityVersion = "Xcode 9.3";
			developmentRegion = en;
			hasScannedForEncodings = 0;
			knownRegions = (
				en,
				Base,
			);
			mainGroup = 25975F1E261F5FE600370915;
			productRefGroup = 25975F28261F5FE600370915 /* Products */;
			projectDirPath = "";
			projectRoot = "";
			targets = (
				25975F26261F5FE600370915 /* Airport App */,
				25975F3C261F5FE700370915 /* Airport AppTests */,
				25975F47261F5FE700370915 /* Airport AppUITests */,
			);
		};
/* End PBXProject section */

/* Begin PBXResourcesBuildPhase section */
		25975F25261F5FE600370915 /* Resources */ = {
			isa = PBXResourcesBuildPhase;
			buildActionMask = 2147483647;
			files = (
				2538AD96265373B200C05703 /* flightsResponseSingleElement.json in Resources */,
				2538ADAB26537B7A00C05703 /* flightsResponseNationalDepartures.json in Resources */,
				2538AD97265373B200C05703 /* flightsResponseEmpty.json in Resources */,
				2538ADA926537B7A00C05703 /* flightsResponseNationalArrivals.json in Resources */,
				2538ADA826537B7A00C05703 /* flightsResponseInternationalDepartures.json in Resources */,
				25975F37261F5FE700370915 /* LaunchScreen.storyboard in Resources */,
				259AC869265073AD00CA9C85 /* FlightCell.xib in Resources */,
				2538AD95265373B200C05703 /* flightsResponseMultipleElements.json in Resources */,
				25975F34261F5FE700370915 /* Assets.xcassets in Resources */,
				25975F32261F5FE600370915 /* Main.storyboard in Resources */,
				2538ADAA26537B7A00C05703 /* flightsResponseInternationalArrivals.json in Resources */,
			);
			runOnlyForDeploymentPostprocessing = 0;
		};
		25975F3B261F5FE700370915 /* Resources */ = {
			isa = PBXResourcesBuildPhase;
			buildActionMask = 2147483647;
			files = (
			);
			runOnlyForDeploymentPostprocessing = 0;
		};
		25975F46261F5FE700370915 /* Resources */ = {
			isa = PBXResourcesBuildPhase;
			buildActionMask = 2147483647;
			files = (
			);
			runOnlyForDeploymentPostprocessing = 0;
		};
/* End PBXResourcesBuildPhase section */

/* Begin PBXSourcesBuildPhase section */
		25975F23261F5FE600370915 /* Sources */ = {
			isa = PBXSourcesBuildPhase;
			buildActionMask = 2147483647;
			files = (
				259AC8892650890900CA9C85 /* BondBox.swift in Sources */,
				2589F39C2622B73C00272D38 /* FlightsViewModel.swift in Sources */,
				25A786B42657D8AB00F669AA /* FlightState.swift in Sources */,
				257214A62646687D0000BE1C /* API+Flights.swift in Sources */,
				25975F2F261F5FE600370915 /* ViewController.swift in Sources */,
				259AC8642650717600CA9C85 /* FlightCell.swift in Sources */,
				25A786C92657FFFF00F669AA /* DecodableError.swift in Sources */,
				25975F61261F60C000370915 /* Flight.swift in Sources */,
				259AC87726507A8300CA9C85 /* UITableView+Utils.swift in Sources */,
				2589F38F2622B24700272D38 /* FlightsServiceRequest.swift in Sources */,
				255F711F263B4C3B00EF8B2C /* Endpoint.swift in Sources */,
				259AC88F265094E300CA9C85 /* UILable+Bond.swift in Sources */,
				259AC8842650880A00CA9C85 /* Bond.swift in Sources */,
				255F7117263B4ABB00EF8B2C /* API.swift in Sources */,
				255F712C263B4F3500EF8B2C /* Client.swift in Sources */,
				25BD73962652009C008DA384 /* Date+Utils.swift in Sources */,
				25A786BE2657D8CE00F669AA /* FlightType.swift in Sources */,
				2589F3972622B3B600272D38 /* FlightsServiceItem.swift in Sources */,
				2538AD5826534E7D00C05703 /* MockFlightsServiceItem.swift in Sources */,
				25A786B92657D8BF00F669AA /* FlightOriginType.swift in Sources */,
				2538AD6B2653500900C05703 /* NetworkError.swift in Sources */,
				259AC87F2650871A00CA9C85 /* Dynamic.swift in Sources */,
				2572149A264665500000BE1C /* FlightServiceResponse.swift in Sources */,
				259AC85F26506F9500CA9C85 /* FlightViewModel.swift in Sources */,
				255F7124263B4C6600EF8B2C /* Method.swift in Sources */,
				2589F3842622B1A400272D38 /* FlightsService.swift in Sources */,
				25975F2B261F5FE600370915 /* AppDelegate.swift in Sources */,
				25A444752659696A005D36DF /* StateView.swift in Sources */,
				25BD72D12651FD9E008DA384 /* Configuration.swift in Sources */,
				25FE23AC26572C78007F4A3A /* SectionHeader.swift in Sources */,
				255F7131263B4F5200EF8B2C /* ClientProtocol.swift in Sources */,
				2538AD872653704900C05703 /* MockFile.swift in Sources */,
				25975F2D261F5FE600370915 /* SceneDelegate.swift in Sources */,
			);
			runOnlyForDeploymentPostprocessing = 0;
		};
		25975F39261F5FE700370915 /* Sources */ = {
			isa = PBXSourcesBuildPhase;
			buildActionMask = 2147483647;
			files = (
				2538AD7026535F7D00C05703 /* FlightsViewModelTests.swift in Sources */,
				2538AD7526535FF300C05703 /* FlightsServiceTests.swift in Sources */,
				25975F42261F5FE700370915 /* Airport_AppTests.swift in Sources */,
			);
			runOnlyForDeploymentPostprocessing = 0;
		};
		25975F44261F5FE700370915 /* Sources */ = {
			isa = PBXSourcesBuildPhase;
			buildActionMask = 2147483647;
			files = (
				25975F4D261F5FE700370915 /* Airport_AppUITests.swift in Sources */,
			);
			runOnlyForDeploymentPostprocessing = 0;
		};
/* End PBXSourcesBuildPhase section */

/* Begin PBXTargetDependency section */
		25975F3F261F5FE700370915 /* PBXTargetDependency */ = {
			isa = PBXTargetDependency;
			target = 25975F26261F5FE600370915 /* Airport App */;
			targetProxy = 25975F3E261F5FE700370915 /* PBXContainerItemProxy */;
		};
		25975F4A261F5FE700370915 /* PBXTargetDependency */ = {
			isa = PBXTargetDependency;
			target = 25975F26261F5FE600370915 /* Airport App */;
			targetProxy = 25975F49261F5FE700370915 /* PBXContainerItemProxy */;
		};
/* End PBXTargetDependency section */

/* Begin PBXVariantGroup section */
		25975F30261F5FE600370915 /* Main.storyboard */ = {
			isa = PBXVariantGroup;
			children = (
				25975F31261F5FE600370915 /* Base */,
			);
			name = Main.storyboard;
			sourceTree = "<group>";
		};
		25975F35261F5FE700370915 /* LaunchScreen.storyboard */ = {
			isa = PBXVariantGroup;
			children = (
				25975F36261F5FE700370915 /* Base */,
			);
			name = LaunchScreen.storyboard;
			sourceTree = "<group>";
		};
/* End PBXVariantGroup section */

/* Begin XCBuildConfiguration section */
		25975F4F261F5FE700370915 /* Debug */ = {
			isa = XCBuildConfiguration;
			buildSettings = {
				ALWAYS_SEARCH_USER_PATHS = NO;
				CLANG_ANALYZER_NONNULL = YES;
				CLANG_ANALYZER_NUMBER_OBJECT_CONVERSION = YES_AGGRESSIVE;
				CLANG_CXX_LANGUAGE_STANDARD = "gnu++14";
				CLANG_CXX_LIBRARY = "libc++";
				CLANG_ENABLE_MODULES = YES;
				CLANG_ENABLE_OBJC_ARC = YES;
				CLANG_ENABLE_OBJC_WEAK = YES;
				CLANG_WARN_BLOCK_CAPTURE_AUTORELEASING = YES;
				CLANG_WARN_BOOL_CONVERSION = YES;
				CLANG_WARN_COMMA = YES;
				CLANG_WARN_CONSTANT_CONVERSION = YES;
				CLANG_WARN_DEPRECATED_OBJC_IMPLEMENTATIONS = YES;
				CLANG_WARN_DIRECT_OBJC_ISA_USAGE = YES_ERROR;
				CLANG_WARN_DOCUMENTATION_COMMENTS = YES;
				CLANG_WARN_EMPTY_BODY = YES;
				CLANG_WARN_ENUM_CONVERSION = YES;
				CLANG_WARN_INFINITE_RECURSION = YES;
				CLANG_WARN_INT_CONVERSION = YES;
				CLANG_WARN_NON_LITERAL_NULL_CONVERSION = YES;
				CLANG_WARN_OBJC_IMPLICIT_RETAIN_SELF = YES;
				CLANG_WARN_OBJC_LITERAL_CONVERSION = YES;
				CLANG_WARN_OBJC_ROOT_CLASS = YES_ERROR;
				CLANG_WARN_QUOTED_INCLUDE_IN_FRAMEWORK_HEADER = YES;
				CLANG_WARN_RANGE_LOOP_ANALYSIS = YES;
				CLANG_WARN_STRICT_PROTOTYPES = YES;
				CLANG_WARN_SUSPICIOUS_MOVE = YES;
				CLANG_WARN_UNGUARDED_AVAILABILITY = YES_AGGRESSIVE;
				CLANG_WARN_UNREACHABLE_CODE = YES;
				CLANG_WARN__DUPLICATE_METHOD_MATCH = YES;
				COPY_PHASE_STRIP = NO;
				DEBUG_INFORMATION_FORMAT = dwarf;
				ENABLE_STRICT_OBJC_MSGSEND = YES;
				ENABLE_TESTABILITY = YES;
				GCC_C_LANGUAGE_STANDARD = gnu11;
				GCC_DYNAMIC_NO_PIC = NO;
				GCC_NO_COMMON_BLOCKS = YES;
				GCC_OPTIMIZATION_LEVEL = 0;
				GCC_PREPROCESSOR_DEFINITIONS = (
					"DEBUG=1",
					"$(inherited)",
				);
				GCC_WARN_64_TO_32_BIT_CONVERSION = YES;
				GCC_WARN_ABOUT_RETURN_TYPE = YES_ERROR;
				GCC_WARN_UNDECLARED_SELECTOR = YES;
				GCC_WARN_UNINITIALIZED_AUTOS = YES_AGGRESSIVE;
				GCC_WARN_UNUSED_FUNCTION = YES;
				GCC_WARN_UNUSED_VARIABLE = YES;
				IPHONEOS_DEPLOYMENT_TARGET = 13.0;
				MTL_ENABLE_DEBUG_INFO = INCLUDE_SOURCE;
				MTL_FAST_MATH = YES;
				ONLY_ACTIVE_ARCH = YES;
				SDKROOT = iphoneos;
				SWIFT_ACTIVE_COMPILATION_CONDITIONS = DEBUG;
				SWIFT_OPTIMIZATION_LEVEL = "-Onone";
			};
			name = Debug;
		};
		25975F50261F5FE700370915 /* Release */ = {
			isa = XCBuildConfiguration;
			buildSettings = {
				ALWAYS_SEARCH_USER_PATHS = NO;
				CLANG_ANALYZER_NONNULL = YES;
				CLANG_ANALYZER_NUMBER_OBJECT_CONVERSION = YES_AGGRESSIVE;
				CLANG_CXX_LANGUAGE_STANDARD = "gnu++14";
				CLANG_CXX_LIBRARY = "libc++";
				CLANG_ENABLE_MODULES = YES;
				CLANG_ENABLE_OBJC_ARC = YES;
				CLANG_ENABLE_OBJC_WEAK = YES;
				CLANG_WARN_BLOCK_CAPTURE_AUTORELEASING = YES;
				CLANG_WARN_BOOL_CONVERSION = YES;
				CLANG_WARN_COMMA = YES;
				CLANG_WARN_CONSTANT_CONVERSION = YES;
				CLANG_WARN_DEPRECATED_OBJC_IMPLEMENTATIONS = YES;
				CLANG_WARN_DIRECT_OBJC_ISA_USAGE = YES_ERROR;
				CLANG_WARN_DOCUMENTATION_COMMENTS = YES;
				CLANG_WARN_EMPTY_BODY = YES;
				CLANG_WARN_ENUM_CONVERSION = YES;
				CLANG_WARN_INFINITE_RECURSION = YES;
				CLANG_WARN_INT_CONVERSION = YES;
				CLANG_WARN_NON_LITERAL_NULL_CONVERSION = YES;
				CLANG_WARN_OBJC_IMPLICIT_RETAIN_SELF = YES;
				CLANG_WARN_OBJC_LITERAL_CONVERSION = YES;
				CLANG_WARN_OBJC_ROOT_CLASS = YES_ERROR;
				CLANG_WARN_QUOTED_INCLUDE_IN_FRAMEWORK_HEADER = YES;
				CLANG_WARN_RANGE_LOOP_ANALYSIS = YES;
				CLANG_WARN_STRICT_PROTOTYPES = YES;
				CLANG_WARN_SUSPICIOUS_MOVE = YES;
				CLANG_WARN_UNGUARDED_AVAILABILITY = YES_AGGRESSIVE;
				CLANG_WARN_UNREACHABLE_CODE = YES;
				CLANG_WARN__DUPLICATE_METHOD_MATCH = YES;
				COPY_PHASE_STRIP = NO;
				DEBUG_INFORMATION_FORMAT = "dwarf-with-dsym";
				ENABLE_NS_ASSERTIONS = NO;
				ENABLE_STRICT_OBJC_MSGSEND = YES;
				GCC_C_LANGUAGE_STANDARD = gnu11;
				GCC_NO_COMMON_BLOCKS = YES;
				GCC_WARN_64_TO_32_BIT_CONVERSION = YES;
				GCC_WARN_ABOUT_RETURN_TYPE = YES_ERROR;
				GCC_WARN_UNDECLARED_SELECTOR = YES;
				GCC_WARN_UNINITIALIZED_AUTOS = YES_AGGRESSIVE;
				GCC_WARN_UNUSED_FUNCTION = YES;
				GCC_WARN_UNUSED_VARIABLE = YES;
				IPHONEOS_DEPLOYMENT_TARGET = 13.0;
				MTL_ENABLE_DEBUG_INFO = NO;
				MTL_FAST_MATH = YES;
				SDKROOT = iphoneos;
				SWIFT_COMPILATION_MODE = wholemodule;
				SWIFT_OPTIMIZATION_LEVEL = "-O";
				VALIDATE_PRODUCT = YES;
			};
			name = Release;
		};
		25975F52261F5FE700370915 /* Debug */ = {
			isa = XCBuildConfiguration;
			buildSettings = {
				ASSETCATALOG_COMPILER_APPICON_NAME = AppIcon;
				ASSETCATALOG_COMPILER_GLOBAL_ACCENT_COLOR_NAME = AccentColor;
				CODE_SIGN_STYLE = Automatic;
				DEVELOPMENT_TEAM = 7QN6NJ95ZV;
				INFOPLIST_FILE = "Airport App/Info.plist";
				LD_RUNPATH_SEARCH_PATHS = (
					"$(inherited)",
					"@executable_path/Frameworks",
				);
				PRODUCT_BUNDLE_IDENTIFIER = "com.coche.Airport-App";
				PRODUCT_NAME = "$(TARGET_NAME)";
				SWIFT_VERSION = 5.0;
				TARGETED_DEVICE_FAMILY = "1,2";
			};
			name = Debug;
		};
		25975F53261F5FE700370915 /* Release */ = {
			isa = XCBuildConfiguration;
			buildSettings = {
				ASSETCATALOG_COMPILER_APPICON_NAME = AppIcon;
				ASSETCATALOG_COMPILER_GLOBAL_ACCENT_COLOR_NAME = AccentColor;
				CODE_SIGN_STYLE = Automatic;
				DEVELOPMENT_TEAM = 7QN6NJ95ZV;
				INFOPLIST_FILE = "Airport App/Info.plist";
				LD_RUNPATH_SEARCH_PATHS = (
					"$(inherited)",
					"@executable_path/Frameworks",
				);
				PRODUCT_BUNDLE_IDENTIFIER = "com.coche.Airport-App";
				PRODUCT_NAME = "$(TARGET_NAME)";
				SWIFT_VERSION = 5.0;
				TARGETED_DEVICE_FAMILY = "1,2";
			};
			name = Release;
		};
		25975F55261F5FE700370915 /* Debug */ = {
			isa = XCBuildConfiguration;
			buildSettings = {
				ALWAYS_EMBED_SWIFT_STANDARD_LIBRARIES = YES;
				BUNDLE_LOADER = "$(TEST_HOST)";
				CODE_SIGN_STYLE = Automatic;
				INFOPLIST_FILE = "Airport AppTests/Info.plist";
				IPHONEOS_DEPLOYMENT_TARGET = 14.4;
				LD_RUNPATH_SEARCH_PATHS = (
					"$(inherited)",
					"@executable_path/Frameworks",
					"@loader_path/Frameworks",
				);
				PRODUCT_BUNDLE_IDENTIFIER = "com.coche.Airport-AppTests";
				PRODUCT_NAME = "$(TARGET_NAME)";
				SWIFT_VERSION = 5.0;
				TARGETED_DEVICE_FAMILY = "1,2";
				TEST_HOST = "$(BUILT_PRODUCTS_DIR)/Airport App.app/Airport App";
			};
			name = Debug;
		};
		25975F56261F5FE700370915 /* Release */ = {
			isa = XCBuildConfiguration;
			buildSettings = {
				ALWAYS_EMBED_SWIFT_STANDARD_LIBRARIES = YES;
				BUNDLE_LOADER = "$(TEST_HOST)";
				CODE_SIGN_STYLE = Automatic;
				INFOPLIST_FILE = "Airport AppTests/Info.plist";
				IPHONEOS_DEPLOYMENT_TARGET = 14.4;
				LD_RUNPATH_SEARCH_PATHS = (
					"$(inherited)",
					"@executable_path/Frameworks",
					"@loader_path/Frameworks",
				);
				PRODUCT_BUNDLE_IDENTIFIER = "com.coche.Airport-AppTests";
				PRODUCT_NAME = "$(TARGET_NAME)";
				SWIFT_VERSION = 5.0;
				TARGETED_DEVICE_FAMILY = "1,2";
				TEST_HOST = "$(BUILT_PRODUCTS_DIR)/Airport App.app/Airport App";
			};
			name = Release;
		};
		25975F58261F5FE700370915 /* Debug */ = {
			isa = XCBuildConfiguration;
			buildSettings = {
				ALWAYS_EMBED_SWIFT_STANDARD_LIBRARIES = YES;
				CODE_SIGN_STYLE = Automatic;
				INFOPLIST_FILE = "Airport AppUITests/Info.plist";
				LD_RUNPATH_SEARCH_PATHS = (
					"$(inherited)",
					"@executable_path/Frameworks",
					"@loader_path/Frameworks",
				);
				PRODUCT_BUNDLE_IDENTIFIER = "com.coche.Airport-AppUITests";
				PRODUCT_NAME = "$(TARGET_NAME)";
				SWIFT_VERSION = 5.0;
				TARGETED_DEVICE_FAMILY = "1,2";
				TEST_TARGET_NAME = "Airport App";
			};
			name = Debug;
		};
		25975F59261F5FE700370915 /* Release */ = {
			isa = XCBuildConfiguration;
			buildSettings = {
				ALWAYS_EMBED_SWIFT_STANDARD_LIBRARIES = YES;
				CODE_SIGN_STYLE = Automatic;
				INFOPLIST_FILE = "Airport AppUITests/Info.plist";
				LD_RUNPATH_SEARCH_PATHS = (
					"$(inherited)",
					"@executable_path/Frameworks",
					"@loader_path/Frameworks",
				);
				PRODUCT_BUNDLE_IDENTIFIER = "com.coche.Airport-AppUITests";
				PRODUCT_NAME = "$(TARGET_NAME)";
				SWIFT_VERSION = 5.0;
				TARGETED_DEVICE_FAMILY = "1,2";
				TEST_TARGET_NAME = "Airport App";
			};
			name = Release;
		};
/* End XCBuildConfiguration section */

/* Begin XCConfigurationList section */
		25975F22261F5FE600370915 /* Build configuration list for PBXProject "Airport App" */ = {
			isa = XCConfigurationList;
			buildConfigurations = (
				25975F4F261F5FE700370915 /* Debug */,
				25975F50261F5FE700370915 /* Release */,
			);
			defaultConfigurationIsVisible = 0;
			defaultConfigurationName = Release;
		};
		25975F51261F5FE700370915 /* Build configuration list for PBXNativeTarget "Airport App" */ = {
			isa = XCConfigurationList;
			buildConfigurations = (
				25975F52261F5FE700370915 /* Debug */,
				25975F53261F5FE700370915 /* Release */,
			);
			defaultConfigurationIsVisible = 0;
			defaultConfigurationName = Release;
		};
		25975F54261F5FE700370915 /* Build configuration list for PBXNativeTarget "Airport AppTests" */ = {
			isa = XCConfigurationList;
			buildConfigurations = (
				25975F55261F5FE700370915 /* Debug */,
				25975F56261F5FE700370915 /* Release */,
			);
			defaultConfigurationIsVisible = 0;
			defaultConfigurationName = Release;
		};
		25975F57261F5FE700370915 /* Build configuration list for PBXNativeTarget "Airport AppUITests" */ = {
			isa = XCConfigurationList;
			buildConfigurations = (
				25975F58261F5FE700370915 /* Debug */,
				25975F59261F5FE700370915 /* Release */,
			);
			defaultConfigurationIsVisible = 0;
			defaultConfigurationName = Release;
		};
/* End XCConfigurationList section */
	};
	rootObject = 25975F1F261F5FE600370915 /* Project object */;
}
